
Microsoft Visual Studio Solution File, Format Version 12.00
# Visual Studio Version 16
VisualStudioVersion = 16.0.31025.194
MinimumVisualStudioVersion = 10.0.40219.1
Project("{FAE04EC0-301F-11D3-BF4B-00C04F79EFBC}") = "VideoChat", "VideoChat\VideoChat.csproj", "{9C54B4B3-A421-4E6E-B503-1F9FDE40DEF6}"
EndProject
Global
	GlobalSection(SolutionConfigurationPlatforms) = preSolution
		Debug|Any CPU = Debug|Any CPU
		Release|Any CPU = Release|Any CPU
	EndGlobalSection
	GlobalSection(ProjectConfigurationPlatforms) = postSolution
		{9C54B4B3-A421-4E6E-B503-1F9FDE40DEF6}.Debug|Any CPU.ActiveCfg = Debug|Any CPU
		{9C54B4B3-A421-4E6E-B503-1F9FDE40DEF6}.Debug|Any CPU.Build.0 = Debug|Any CPU
		{9C54B4B3-A421-4E6E-B503-1F9FDE40DEF6}.Release|Any CPU.ActiveCfg = Release|Any CPU
		{9C54B4B3-A421-4E6E-B503-1F9FDE40DEF6}.Release|Any CPU.Build.0 = Release|Any CPU
	EndGlobalSection
	GlobalSection(SolutionProperties) = preSolution
		HideSolutionNode = FALSE
	EndGlobalSection
	GlobalSection(ExtensibilityGlobals) = postSolution
		SolutionGuid = {B114FB5A-36AF-49F1-8818-BCC36969E88B}
	EndGlobalSection
EndGlobal
